
Microsoft Visual Studio Solution File, Format Version 12.00
# Visual Studio Version 16
VisualStudioVersion = 16.0.31829.152
MinimumVisualStudioVersion = 10.0.40219.1
Project("{FAE04EC0-301F-11D3-BF4B-00C04F79EFBC}") = "D01_HTML", "D01_HTML\D01_HTML.csproj", "{C10D2C5D-A62E-454D-BC01-F7EB319026AC}"
EndProject
Project("{FAE04EC0-301F-11D3-BF4B-00C04F79EFBC}") = "D02_CSS", "D02_CSS\D02_CSS.csproj", "{F23C9018-6D7D-4829-8F70-CEE3D40C6E47}"
EndProject
Project("{FAE04EC0-301F-11D3-BF4B-00C04F79EFBC}") = "D03_JavaScript", "D03_JavaScript\D03_JavaScript.csproj", "{A05483C9-78C2-4FE9-B0C9-4C05414F8527}"
EndProject
Project("{FAE04EC0-301F-11D3-BF4B-00C04F79EFBC}") = "D04_BootStrap", "D04_BootStrap\D04_BootStrap.csproj", "{3CC52738-69AC-4C20-90BB-F14E247BDA0B}"
EndProject
Project("{FAE04EC0-301F-11D3-BF4B-00C04F79EFBC}") = "D05_ASP.NET_WebForms", "D05_ASP.NET_WebForms\D05_ASP.NET_WebForms.csproj", "{5A1C107F-996A-4FE1-A323-4FBAFAB09FBF}"
EndProject
Project("{FAE04EC0-301F-11D3-BF4B-00C04F79EFBC}") = "D06_ASP.NET_MVC", "D06_ASP.NET_MVC\D06_ASP.NET_MVC.csproj", "{25705297-2253-4BFD-8944-5CF43261DD92}"
EndProject
Project("{FAE04EC0-301F-11D3-BF4B-00C04F79EFBC}") = "D07_EF6_MVC_DF", "D07_EF6_MVC_DF\D07_EF6_MVC_DF.csproj", "{92F3DD74-2928-4977-8C43-6080A5892681}"
EndProject
Project("{FAE04EC0-301F-11D3-BF4B-00C04F79EFBC}") = "D07_EF6_MVC_DF_02", "D07_EF6_MVC_DF_02\D07_EF6_MVC_DF_02.csproj", "{72835421-3309-4E90-A060-D2A94FA5702E}"
EndProject
Project("{FAE04EC0-301F-11D3-BF4B-00C04F79EFBC}") = "D08_EF6_MVC_CodeF", "D08_EF6_MVC_CodeF\D08_EF6_MVC_CodeF.csproj", "{F99E2C8D-F9A7-42DA-81D0-A7BCB5A50829}"
EndProject
Project("{FAE04EC0-301F-11D3-BF4B-00C04F79EFBC}") = "E01_WebAPI_EF6", "E01_WebAPI_EF6\E01_WebAPI_EF6.csproj", "{E08B5A6F-337A-4F34-831F-09C659C6EFEB}"
EndProject
Project("{FAE04EC0-301F-11D3-BF4B-00C04F79EFBC}") = "D09_MVC_EF6_Security", "D09_MVC_EF6_Security\D09_MVC_EF6_Security.csproj", "{B86B310E-9C81-4A02-8DCB-B875F664DDBD}"
EndProject
Project("{FAE04EC0-301F-11D3-BF4B-00C04F79EFBC}") = "D10_jQuery", "D10_jQuery\D10_jQuery.csproj", "{4446A132-6A5B-45C5-BAE2-90A6DE760689}"
EndProject
Global
	GlobalSection(SolutionConfigurationPlatforms) = preSolution
		Debug|Any CPU = Debug|Any CPU
		Release|Any CPU = Release|Any CPU
	EndGlobalSection
	GlobalSection(ProjectConfigurationPlatforms) = postSolution
		{C10D2C5D-A62E-454D-BC01-F7EB319026AC}.Debug|Any CPU.ActiveCfg = Debug|Any CPU
		{C10D2C5D-A62E-454D-BC01-F7EB319026AC}.Debug|Any CPU.Build.0 = Debug|Any CPU
		{C10D2C5D-A62E-454D-BC01-F7EB319026AC}.Release|Any CPU.ActiveCfg = Release|Any CPU
		{C10D2C5D-A62E-454D-BC01-F7EB319026AC}.Release|Any CPU.Build.0 = Release|Any CPU
		{F23C9018-6D7D-4829-8F70-CEE3D40C6E47}.Debug|Any CPU.ActiveCfg = Debug|Any CPU
		{F23C9018-6D7D-4829-8F70-CEE3D40C6E47}.Debug|Any CPU.Build.0 = Debug|Any CPU
		{F23C9018-6D7D-4829-8F70-CEE3D40C6E47}.Release|Any CPU.ActiveCfg = Release|Any CPU
		{F23C9018-6D7D-4829-8F70-CEE3D40C6E47}.Release|Any CPU.Build.0 = Release|Any CPU
		{A05483C9-78C2-4FE9-B0C9-4C05414F8527}.Debug|Any CPU.ActiveCfg = Debug|Any CPU
		{A05483C9-78C2-4FE9-B0C9-4C05414F8527}.Debug|Any CPU.Build.0 = Debug|Any CPU
		{A05483C9-78C2-4FE9-B0C9-4C05414F8527}.Release|Any CPU.ActiveCfg = Release|Any CPU
		{A05483C9-78C2-4FE9-B0C9-4C05414F8527}.Release|Any CPU.Build.0 = Release|Any CPU
		{3CC52738-69AC-4C20-90BB-F14E247BDA0B}.Debug|Any CPU.ActiveCfg = Debug|Any CPU
		{3CC52738-69AC-4C20-90BB-F14E247BDA0B}.Debug|Any CPU.Build.0 = Debug|Any CPU
		{3CC52738-69AC-4C20-90BB-F14E247BDA0B}.Release|Any CPU.ActiveCfg = Release|Any CPU
		{3CC52738-69AC-4C20-90BB-F14E247BDA0B}.Release|Any CPU.Build.0 = Release|Any CPU
		{5A1C107F-996A-4FE1-A323-4FBAFAB09FBF}.Debug|Any CPU.ActiveCfg = Debug|Any CPU
		{5A1C107F-996A-4FE1-A323-4FBAFAB09FBF}.Debug|Any CPU.Build.0 = Debug|Any CPU
		{5A1C107F-996A-4FE1-A323-4FBAFAB09FBF}.Release|Any CPU.ActiveCfg = Release|Any CPU
		{5A1C107F-996A-4FE1-A323-4FBAFAB09FBF}.Release|Any CPU.Build.0 = Release|Any CPU
		{25705297-2253-4BFD-8944-5CF43261DD92}.Debug|Any CPU.ActiveCfg = Debug|Any CPU
		{25705297-2253-4BFD-8944-5CF43261DD92}.Debug|Any CPU.Build.0 = Debug|Any CPU
		{25705297-2253-4BFD-8944-5CF43261DD92}.Release|Any CPU.ActiveCfg = Release|Any CPU
		{25705297-2253-4BFD-8944-5CF43261DD92}.Release|Any CPU.Build.0 = Release|Any CPU
		{92F3DD74-2928-4977-8C43-6080A5892681}.Debug|Any CPU.ActiveCfg = Debug|Any CPU
		{92F3DD74-2928-4977-8C43-6080A5892681}.Debug|Any CPU.Build.0 = Debug|Any CPU
		{92F3DD74-2928-4977-8C43-6080A5892681}.Release|Any CPU.ActiveCfg = Release|Any CPU
		{92F3DD74-2928-4977-8C43-6080A5892681}.Release|Any CPU.Build.0 = Release|Any CPU
		{72835421-3309-4E90-A060-D2A94FA5702E}.Debug|Any CPU.ActiveCfg = Debug|Any CPU
		{72835421-3309-4E90-A060-D2A94FA5702E}.Debug|Any CPU.Build.0 = Debug|Any CPU
		{72835421-3309-4E90-A060-D2A94FA5702E}.Release|Any CPU.ActiveCfg = Release|Any CPU
		{72835421-3309-4E90-A060-D2A94FA5702E}.Release|Any CPU.Build.0 = Release|Any CPU
		{F99E2C8D-F9A7-42DA-81D0-A7BCB5A50829}.Debug|Any CPU.ActiveCfg = Debug|Any CPU
		{F99E2C8D-F9A7-42DA-81D0-A7BCB5A50829}.Debug|Any CPU.Build.0 = Debug|Any CPU
		{F99E2C8D-F9A7-42DA-81D0-A7BCB5A50829}.Release|Any CPU.ActiveCfg = Release|Any CPU
		{F99E2C8D-F9A7-42DA-81D0-A7BCB5A50829}.Release|Any CPU.Build.0 = Release|Any CPU
		{E08B5A6F-337A-4F34-831F-09C659C6EFEB}.Debug|Any CPU.ActiveCfg = Debug|Any CPU
		{E08B5A6F-337A-4F34-831F-09C659C6EFEB}.Debug|Any CPU.Build.0 = Debug|Any CPU
		{E08B5A6F-337A-4F34-831F-09C659C6EFEB}.Release|Any CPU.ActiveCfg = Release|Any CPU
		{E08B5A6F-337A-4F34-831F-09C659C6EFEB}.Release|Any CPU.Build.0 = Release|Any CPU
		{B86B310E-9C81-4A02-8DCB-B875F664DDBD}.Debug|Any CPU.ActiveCfg = Debug|Any CPU
		{B86B310E-9C81-4A02-8DCB-B875F664DDBD}.Debug|Any CPU.Build.0 = Debug|Any CPU
		{B86B310E-9C81-4A02-8DCB-B875F664DDBD}.Release|Any CPU.ActiveCfg = Release|Any CPU
		{B86B310E-9C81-4A02-8DCB-B875F664DDBD}.Release|Any CPU.Build.0 = Release|Any CPU
		{4446A132-6A5B-45C5-BAE2-90A6DE760689}.Debug|Any CPU.ActiveCfg = Debug|Any CPU
		{4446A132-6A5B-45C5-BAE2-90A6DE760689}.Debug|Any CPU.Build.0 = Debug|Any CPU
		{4446A132-6A5B-45C5-BAE2-90A6DE760689}.Release|Any CPU.ActiveCfg = Release|Any CPU
		{4446A132-6A5B-45C5-BAE2-90A6DE760689}.Release|Any CPU.Build.0 = Release|Any CPU
	EndGlobalSection
	GlobalSection(SolutionProperties) = preSolution
		HideSolutionNode = FALSE
	EndGlobalSection
	GlobalSection(ExtensibilityGlobals) = postSolution
		SolutionGuid = {5E3B21ED-7068-46EB-BFF1-E1429B855C08}
	EndGlobalSection
EndGlobal
